
Microsoft Visual Studio Solution File, Format Version 12.00
# Visual Studio Version 17
VisualStudioVersion = 17.6.33829.357
MinimumVisualStudioVersion = 10.0.40219.1
Project("{FAE04EC0-301F-11D3-BF4B-00C04F79EFBC}") = "presentacion", "presentacion\presentacion.csproj", "{7DD9EBC7-A80B-4B0F-847F-E21049D91354}"
EndProject
Project("{FAE04EC0-301F-11D3-BF4B-00C04F79EFBC}") = "negocio", "negocio\negocio.csproj", "{C8E10AF2-0EA1-495F-A628-20E2C97145A3}"
EndProject
Project("{FAE04EC0-301F-11D3-BF4B-00C04F79EFBC}") = "dominio", "dominio\dominio.csproj", "{AFD9B2B4-BC41-41A4-9692-ED7C8D6073BB}"
EndProject
Global
	GlobalSection(SolutionConfigurationPlatforms) = preSolution
		Debug|Any CPU = Debug|Any CPU
		Release|Any CPU = Release|Any CPU
	EndGlobalSection
	GlobalSection(ProjectConfigurationPlatforms) = postSolution
		{7DD9EBC7-A80B-4B0F-847F-E21049D91354}.Debug|Any CPU.ActiveCfg = Debug|Any CPU
		{7DD9EBC7-A80B-4B0F-847F-E21049D91354}.Debug|Any CPU.Build.0 = Debug|Any CPU
		{7DD9EBC7-A80B-4B0F-847F-E21049D91354}.Release|Any CPU.ActiveCfg = Release|Any CPU
		{7DD9EBC7-A80B-4B0F-847F-E21049D91354}.Release|Any CPU.Build.0 = Release|Any CPU
		{C8E10AF2-0EA1-495F-A628-20E2C97145A3}.Debug|Any CPU.ActiveCfg = Debug|Any CPU
		{C8E10AF2-0EA1-495F-A628-20E2C97145A3}.Debug|Any CPU.Build.0 = Debug|Any CPU
		{C8E10AF2-0EA1-495F-A628-20E2C97145A3}.Release|Any CPU.ActiveCfg = Release|Any CPU
		{C8E10AF2-0EA1-495F-A628-20E2C97145A3}.Release|Any CPU.Build.0 = Release|Any CPU
		{AFD9B2B4-BC41-41A4-9692-ED7C8D6073BB}.Debug|Any CPU.ActiveCfg = Debug|Any CPU
		{AFD9B2B4-BC41-41A4-9692-ED7C8D6073BB}.Debug|Any CPU.Build.0 = Debug|Any CPU
		{AFD9B2B4-BC41-41A4-9692-ED7C8D6073BB}.Release|Any CPU.ActiveCfg = Release|Any CPU
		{AFD9B2B4-BC41-41A4-9692-ED7C8D6073BB}.Release|Any CPU.Build.0 = Release|Any CPU
	EndGlobalSection
	GlobalSection(SolutionProperties) = preSolution
		HideSolutionNode = FALSE
	EndGlobalSection
	GlobalSection(ExtensibilityGlobals) = postSolution
		SolutionGuid = {48358E63-283A-4031-9208-153B96ED1BC9}
	EndGlobalSection
EndGlobal
